
Microsoft Visual Studio Solution File, Format Version 12.00
# Visual Studio Version 17
VisualStudioVersion = 17.9.34728.123
MinimumVisualStudioVersion = 10.0.40219.1
Project("{FAE04EC0-301F-11D3-BF4B-00C04F79EFBC}") = "FindLuigi", "FindLuigi\FindLuigi.csproj", "{C1FE6C51-8136-4603-ACFA-3CEAF5C00485}"
EndProject
Global
	GlobalSection(SolutionConfigurationPlatforms) = preSolution
		Debug|Any CPU = Debug|Any CPU
		Release|Any CPU = Release|Any CPU
	EndGlobalSection
	GlobalSection(ProjectConfigurationPlatforms) = postSolution
		{C1FE6C51-8136-4603-ACFA-3CEAF5C00485}.Debug|Any CPU.ActiveCfg = Debug|Any CPU
		{C1FE6C51-8136-4603-ACFA-3CEAF5C00485}.Debug|Any CPU.Build.0 = Debug|Any CPU
		{C1FE6C51-8136-4603-ACFA-3CEAF5C00485}.Release|Any CPU.ActiveCfg = Release|Any CPU
		{C1FE6C51-8136-4603-ACFA-3CEAF5C00485}.Release|Any CPU.Build.0 = Release|Any CPU
	EndGlobalSection
	GlobalSection(SolutionProperties) = preSolution
		HideSolutionNode = FALSE
	EndGlobalSection
	GlobalSection(ExtensibilityGlobals) = postSolution
		SolutionGuid = {686EA243-AB8B-4948-BAF3-8599847D61CA}
	EndGlobalSection
EndGlobal
